// !$*UTF8*$!
{
	archiveVersion = 1;
	classes = {
	};
	objectVersion = 46;
	objects = {

/* Begin PBXBuildFile section */
		0B874489D3BD32900ABD833E /* Pods_PicryptionUITests.framework in Frameworks */ = {isa = PBXBuildFile; fileRef = 788A9EB76F6050CB658BD205 /* Pods_PicryptionUITests.framework */; };
		A83B2D9DA15A79E4C131E350 /* Pods_PicryptionTests.framework in Frameworks */ = {isa = PBXBuildFile; fileRef = D001AE70008B4DC34C481B2D /* Pods_PicryptionTests.framework */; };
		C1DC5B7F1EAA576F00D10A06 /* AppDelegate.swift in Sources */ = {isa = PBXBuildFile; fileRef = C1DC5B7E1EAA576F00D10A06 /* AppDelegate.swift */; };
		C1DC5B811EAA576F00D10A06 /* ViewController.swift in Sources */ = {isa = PBXBuildFile; fileRef = C1DC5B801EAA576F00D10A06 /* ViewController.swift */; };
		C1DC5B841EAA576F00D10A06 /* Main.storyboard in Resources */ = {isa = PBXBuildFile; fileRef = C1DC5B821EAA576F00D10A06 /* Main.storyboard */; };
		C1DC5B871EAA576F00D10A06 /* Picryption.xcdatamodeld in Sources */ = {isa = PBXBuildFile; fileRef = C1DC5B851EAA576F00D10A06 /* Picryption.xcdatamodeld */; };
		C1DC5B891EAA576F00D10A06 /* Assets.xcassets in Resources */ = {isa = PBXBuildFile; fileRef = C1DC5B881EAA576F00D10A06 /* Assets.xcassets */; };
		C1DC5B8C1EAA576F00D10A06 /* LaunchScreen.storyboard in Resources */ = {isa = PBXBuildFile; fileRef = C1DC5B8A1EAA576F00D10A06 /* LaunchScreen.storyboard */; };
		C1DC5B971EAA576F00D10A06 /* PicryptionTests.swift in Sources */ = {isa = PBXBuildFile; fileRef = C1DC5B961EAA576F00D10A06 /* PicryptionTests.swift */; };
		C1DC5BA21EAA576F00D10A06 /* PicryptionUITests.swift in Sources */ = {isa = PBXBuildFile; fileRef = C1DC5BA11EAA576F00D10A06 /* PicryptionUITests.swift */; };
		C1DC5BB01EAA578000D10A06 /* Image.swift in Sources */ = {isa = PBXBuildFile; fileRef = C1DC5BAF1EAA578000D10A06 /* Image.swift */; };
		C1DC5BB51EAA589D00D10A06 /* Extensions.swift in Sources */ = {isa = PBXBuildFile; fileRef = C1DC5BB41EAA589D00D10A06 /* Extensions.swift */; };
		C1DC5BB81EAA597000D10A06 /* Protocols.swift in Sources */ = {isa = PBXBuildFile; fileRef = C1DC5BB71EAA597000D10A06 /* Protocols.swift */; };
		C1DC5BBA1EAA59B400D10A06 /* Errors.swift in Sources */ = {isa = PBXBuildFile; fileRef = C1DC5BB91EAA59B400D10A06 /* Errors.swift */; };
		C1DC5BBC1EAA5B9800D10A06 /* Constants.swift in Sources */ = {isa = PBXBuildFile; fileRef = C1DC5BBB1EAA5B9800D10A06 /* Constants.swift */; };
		F850323D94B1A69E0F238B78 /* Pods_Picryption.framework in Frameworks */ = {isa = PBXBuildFile; fileRef = A30DB2E1DC54968D85853539 /* Pods_Picryption.framework */; };
/* End PBXBuildFile section */

/* Begin PBXContainerItemProxy section */
		C1DC5B931EAA576F00D10A06 /* PBXContainerItemProxy */ = {
			isa = PBXContainerItemProxy;
			containerPortal = C1DC5B731EAA576F00D10A06 /* Project object */;
			proxyType = 1;
			remoteGlobalIDString = C1DC5B7A1EAA576F00D10A06;
			remoteInfo = Picryption;
		};
		C1DC5B9E1EAA576F00D10A06 /* PBXContainerItemProxy */ = {
			isa = PBXContainerItemProxy;
			containerPortal = C1DC5B731EAA576F00D10A06 /* Project object */;
			proxyType = 1;
			remoteGlobalIDString = C1DC5B7A1EAA576F00D10A06;
			remoteInfo = Picryption;
		};
/* End PBXContainerItemProxy section */

/* Begin PBXFileReference section */
		3255594D988F7B5CD106B77D /* Pods-PicryptionTests.release.xcconfig */ = {isa = PBXFileReference; includeInIndex = 1; lastKnownFileType = text.xcconfig; name = "Pods-PicryptionTests.release.xcconfig"; path = "Pods/Target Support Files/Pods-PicryptionTests/Pods-PicryptionTests.release.xcconfig"; sourceTree = "<group>"; };
		39E1A6B323F94A14B51FF369 /* Pods-Picryption.debug.xcconfig */ = {isa = PBXFileReference; includeInIndex = 1; lastKnownFileType = text.xcconfig; name = "Pods-Picryption.debug.xcconfig"; path = "Pods/Target Support Files/Pods-Picryption/Pods-Picryption.debug.xcconfig"; sourceTree = "<group>"; };
		6484EB4F419B521759468CAD /* Pods-PicryptionUITests.release.xcconfig */ = {isa = PBXFileReference; includeInIndex = 1; lastKnownFileType = text.xcconfig; name = "Pods-PicryptionUITests.release.xcconfig"; path = "Pods/Target Support Files/Pods-PicryptionUITests/Pods-PicryptionUITests.release.xcconfig"; sourceTree = "<group>"; };
		6D09C701995661E9509A523A /* Pods-Picryption.release.xcconfig */ = {isa = PBXFileReference; includeInIndex = 1; lastKnownFileType = text.xcconfig; name = "Pods-Picryption.release.xcconfig"; path = "Pods/Target Support Files/Pods-Picryption/Pods-Picryption.release.xcconfig"; sourceTree = "<group>"; };
		788A9EB76F6050CB658BD205 /* Pods_PicryptionUITests.framework */ = {isa = PBXFileReference; explicitFileType = wrapper.framework; includeInIndex = 0; path = Pods_PicryptionUITests.framework; sourceTree = BUILT_PRODUCTS_DIR; };
		A30DB2E1DC54968D85853539 /* Pods_Picryption.framework */ = {isa = PBXFileReference; explicitFileType = wrapper.framework; includeInIndex = 0; path = Pods_Picryption.framework; sourceTree = BUILT_PRODUCTS_DIR; };
		AA55D25EADEA21AF2986E63C /* Pods-PicryptionTests.debug.xcconfig */ = {isa = PBXFileReference; includeInIndex = 1; lastKnownFileType = text.xcconfig; name = "Pods-PicryptionTests.debug.xcconfig"; path = "Pods/Target Support Files/Pods-PicryptionTests/Pods-PicryptionTests.debug.xcconfig"; sourceTree = "<group>"; };
		B60AC1454B7410E26A485374 /* Pods-PicryptionUITests.debug.xcconfig */ = {isa = PBXFileReference; includeInIndex = 1; lastKnownFileType = text.xcconfig; name = "Pods-PicryptionUITests.debug.xcconfig"; path = "Pods/Target Support Files/Pods-PicryptionUITests/Pods-PicryptionUITests.debug.xcconfig"; sourceTree = "<group>"; };
		C1DC5B7B1EAA576F00D10A06 /* Picryption.app */ = {isa = PBXFileReference; explicitFileType = wrapper.application; includeInIndex = 0; path = Picryption.app; sourceTree = BUILT_PRODUCTS_DIR; };
		C1DC5B7E1EAA576F00D10A06 /* AppDelegate.swift */ = {isa = PBXFileReference; lastKnownFileType = sourcecode.swift; path = AppDelegate.swift; sourceTree = "<group>"; };
		C1DC5B801EAA576F00D10A06 /* ViewController.swift */ = {isa = PBXFileReference; lastKnownFileType = sourcecode.swift; path = ViewController.swift; sourceTree = "<group>"; };
		C1DC5B831EAA576F00D10A06 /* Base */ = {isa = PBXFileReference; lastKnownFileType = file.storyboard; name = Base; path = Base.lproj/Main.storyboard; sourceTree = "<group>"; };
		C1DC5B861EAA576F00D10A06 /* Picryption.xcdatamodel */ = {isa = PBXFileReference; lastKnownFileType = wrapper.xcdatamodel; path = Picryption.xcdatamodel; sourceTree = "<group>"; };
		C1DC5B881EAA576F00D10A06 /* Assets.xcassets */ = {isa = PBXFileReference; lastKnownFileType = folder.assetcatalog; path = Assets.xcassets; sourceTree = "<group>"; };
		C1DC5B8B1EAA576F00D10A06 /* Base */ = {isa = PBXFileReference; lastKnownFileType = file.storyboard; name = Base; path = Base.lproj/LaunchScreen.storyboard; sourceTree = "<group>"; };
		C1DC5B8D1EAA576F00D10A06 /* Info.plist */ = {isa = PBXFileReference; lastKnownFileType = text.plist.xml; path = Info.plist; sourceTree = "<group>"; };
		C1DC5B921EAA576F00D10A06 /* PicryptionTests.xctest */ = {isa = PBXFileReference; explicitFileType = wrapper.cfbundle; includeInIndex = 0; path = PicryptionTests.xctest; sourceTree = BUILT_PRODUCTS_DIR; };
		C1DC5B961EAA576F00D10A06 /* PicryptionTests.swift */ = {isa = PBXFileReference; lastKnownFileType = sourcecode.swift; path = PicryptionTests.swift; sourceTree = "<group>"; };
		C1DC5B981EAA576F00D10A06 /* Info.plist */ = {isa = PBXFileReference; lastKnownFileType = text.plist.xml; path = Info.plist; sourceTree = "<group>"; };
		C1DC5B9D1EAA576F00D10A06 /* PicryptionUITests.xctest */ = {isa = PBXFileReference; explicitFileType = wrapper.cfbundle; includeInIndex = 0; path = PicryptionUITests.xctest; sourceTree = BUILT_PRODUCTS_DIR; };
		C1DC5BA11EAA576F00D10A06 /* PicryptionUITests.swift */ = {isa = PBXFileReference; lastKnownFileType = sourcecode.swift; path = PicryptionUITests.swift; sourceTree = "<group>"; };
		C1DC5BA31EAA576F00D10A06 /* Info.plist */ = {isa = PBXFileReference; lastKnownFileType = text.plist.xml; path = Info.plist; sourceTree = "<group>"; };
		C1DC5BAF1EAA578000D10A06 /* Image.swift */ = {isa = PBXFileReference; fileEncoding = 4; lastKnownFileType = sourcecode.swift; path = Image.swift; sourceTree = "<group>"; };
		C1DC5BB41EAA589D00D10A06 /* Extensions.swift */ = {isa = PBXFileReference; fileEncoding = 4; lastKnownFileType = sourcecode.swift; path = Extensions.swift; sourceTree = "<group>"; };
		C1DC5BB71EAA597000D10A06 /* Protocols.swift */ = {isa = PBXFileReference; fileEncoding = 4; lastKnownFileType = sourcecode.swift; path = Protocols.swift; sourceTree = "<group>"; };
		C1DC5BB91EAA59B400D10A06 /* Errors.swift */ = {isa = PBXFileReference; fileEncoding = 4; lastKnownFileType = sourcecode.swift; path = Errors.swift; sourceTree = "<group>"; };
		C1DC5BBB1EAA5B9800D10A06 /* Constants.swift */ = {isa = PBXFileReference; fileEncoding = 4; lastKnownFileType = sourcecode.swift; path = Constants.swift; sourceTree = "<group>"; };
		D001AE70008B4DC34C481B2D /* Pods_PicryptionTests.framework */ = {isa = PBXFileReference; explicitFileType = wrapper.framework; includeInIndex = 0; path = Pods_PicryptionTests.framework; sourceTree = BUILT_PRODUCTS_DIR; };
/* End PBXFileReference section */

/* Begin PBXFrameworksBuildPhase section */
		C1DC5B781EAA576F00D10A06 /* Frameworks */ = {
			isa = PBXFrameworksBuildPhase;
			buildActionMask = 2147483647;
			files = (
				F850323D94B1A69E0F238B78 /* Pods_Picryption.framework in Frameworks */,
			);
			runOnlyForDeploymentPostprocessing = 0;
		};
		C1DC5B8F1EAA576F00D10A06 /* Frameworks */ = {
			isa = PBXFrameworksBuildPhase;
			buildActionMask = 2147483647;
			files = (
				A83B2D9DA15A79E4C131E350 /* Pods_PicryptionTests.framework in Frameworks */,
			);
			runOnlyForDeploymentPostprocessing = 0;
		};
		C1DC5B9A1EAA576F00D10A06 /* Frameworks */ = {
			isa = PBXFrameworksBuildPhase;
			buildActionMask = 2147483647;
			files = (
				0B874489D3BD32900ABD833E /* Pods_PicryptionUITests.framework in Frameworks */,
			);
			runOnlyForDeploymentPostprocessing = 0;
		};
/* End PBXFrameworksBuildPhase section */

/* Begin PBXGroup section */
		14A362C119A120F4111FEBA1 /* Pods */ = {
			isa = PBXGroup;
			children = (
				39E1A6B323F94A14B51FF369 /* Pods-Picryption.debug.xcconfig */,
				6D09C701995661E9509A523A /* Pods-Picryption.release.xcconfig */,
				AA55D25EADEA21AF2986E63C /* Pods-PicryptionTests.debug.xcconfig */,
				3255594D988F7B5CD106B77D /* Pods-PicryptionTests.release.xcconfig */,
				B60AC1454B7410E26A485374 /* Pods-PicryptionUITests.debug.xcconfig */,
				6484EB4F419B521759468CAD /* Pods-PicryptionUITests.release.xcconfig */,
			);
			name = Pods;
			sourceTree = "<group>";
		};
		463E05E2E81A18164C04110C /* Frameworks */ = {
			isa = PBXGroup;
			children = (
				A30DB2E1DC54968D85853539 /* Pods_Picryption.framework */,
				D001AE70008B4DC34C481B2D /* Pods_PicryptionTests.framework */,
				788A9EB76F6050CB658BD205 /* Pods_PicryptionUITests.framework */,
			);
			name = Frameworks;
			sourceTree = "<group>";
		};
		C1DC5B721EAA576F00D10A06 = {
			isa = PBXGroup;
			children = (
				C1DC5B7D1EAA576F00D10A06 /* Picryption */,
				C1DC5B951EAA576F00D10A06 /* PicryptionTests */,
				C1DC5BA01EAA576F00D10A06 /* PicryptionUITests */,
				C1DC5B7C1EAA576F00D10A06 /* Products */,
				14A362C119A120F4111FEBA1 /* Pods */,
				463E05E2E81A18164C04110C /* Frameworks */,
			);
			sourceTree = "<group>";
		};
		C1DC5B7C1EAA576F00D10A06 /* Products */ = {
			isa = PBXGroup;
			children = (
				C1DC5B7B1EAA576F00D10A06 /* Picryption.app */,
				C1DC5B921EAA576F00D10A06 /* PicryptionTests.xctest */,
				C1DC5B9D1EAA576F00D10A06 /* PicryptionUITests.xctest */,
			);
			name = Products;
			sourceTree = "<group>";
		};
		C1DC5B7D1EAA576F00D10A06 /* Picryption */ = {
			isa = PBXGroup;
			children = (
				C1DC5B821EAA576F00D10A06 /* Main.storyboard */,
				C1DC5BB21EAA578E00D10A06 /* Controller */,
				C1DC5BB11EAA578400D10A06 /* Model */,
				C1DC5BB61EAA58A100D10A06 /* Cosmic */,
				C1DC5BB31EAA579800D10A06 /* Supporting Files */,
			);
			path = Picryption;
			sourceTree = "<group>";
		};
		C1DC5B951EAA576F00D10A06 /* PicryptionTests */ = {
			isa = PBXGroup;
			children = (
				C1DC5B961EAA576F00D10A06 /* PicryptionTests.swift */,
				C1DC5B981EAA576F00D10A06 /* Info.plist */,
			);
			path = PicryptionTests;
			sourceTree = "<group>";
		};
		C1DC5BA01EAA576F00D10A06 /* PicryptionUITests */ = {
			isa = PBXGroup;
			children = (
				C1DC5BA11EAA576F00D10A06 /* PicryptionUITests.swift */,
				C1DC5BA31EAA576F00D10A06 /* Info.plist */,
			);
			path = PicryptionUITests;
			sourceTree = "<group>";
		};
		C1DC5BB11EAA578400D10A06 /* Model */ = {
			isa = PBXGroup;
			children = (
				C1DC5BAF1EAA578000D10A06 /* Image.swift */,
			);
			name = Model;
			sourceTree = "<group>";
		};
		C1DC5BB21EAA578E00D10A06 /* Controller */ = {
			isa = PBXGroup;
			children = (
				C1DC5B801EAA576F00D10A06 /* ViewController.swift */,
			);
			name = Controller;
			sourceTree = "<group>";
		};
		C1DC5BB31EAA579800D10A06 /* Supporting Files */ = {
			isa = PBXGroup;
			children = (
				C1DC5B7E1EAA576F00D10A06 /* AppDelegate.swift */,
				C1DC5B881EAA576F00D10A06 /* Assets.xcassets */,
				C1DC5B8A1EAA576F00D10A06 /* LaunchScreen.storyboard */,
				C1DC5B8D1EAA576F00D10A06 /* Info.plist */,
				C1DC5B851EAA576F00D10A06 /* Picryption.xcdatamodeld */,
			);
			name = "Supporting Files";
			sourceTree = "<group>";
		};
		C1DC5BB61EAA58A100D10A06 /* Cosmic */ = {
			isa = PBXGroup;
			children = (
				C1DC5BB41EAA589D00D10A06 /* Extensions.swift */,
				C1DC5BB71EAA597000D10A06 /* Protocols.swift */,
				C1DC5BB91EAA59B400D10A06 /* Errors.swift */,
				C1DC5BBB1EAA5B9800D10A06 /* Constants.swift */,
			);
			name = Cosmic;
			sourceTree = "<group>";
		};
/* End PBXGroup section */

/* Begin PBXNativeTarget section */
		C1DC5B7A1EAA576F00D10A06 /* Picryption */ = {
			isa = PBXNativeTarget;
			buildConfigurationList = C1DC5BA61EAA576F00D10A06 /* Build configuration list for PBXNativeTarget "Picryption" */;
			buildPhases = (
				C8B843F1DDCBECC6403E655A /* [CP] Check Pods Manifest.lock */,
				C1DC5B771EAA576F00D10A06 /* Sources */,
				C1DC5B781EAA576F00D10A06 /* Frameworks */,
				C1DC5B791EAA576F00D10A06 /* Resources */,
				C1569E41D4C97A1FB617E04B /* [CP] Embed Pods Frameworks */,
				059B0976DC801345F137C5A5 /* [CP] Copy Pods Resources */,
			);
			buildRules = (
			);
			dependencies = (
			);
			name = Picryption;
			productName = Picryption;
			productReference = C1DC5B7B1EAA576F00D10A06 /* Picryption.app */;
			productType = "com.apple.product-type.application";
		};
		C1DC5B911EAA576F00D10A06 /* PicryptionTests */ = {
			isa = PBXNativeTarget;
			buildConfigurationList = C1DC5BA91EAA576F00D10A06 /* Build configuration list for PBXNativeTarget "PicryptionTests" */;
			buildPhases = (
				066C3744F5B3EE380C9A75A3 /* [CP] Check Pods Manifest.lock */,
				C1DC5B8E1EAA576F00D10A06 /* Sources */,
				C1DC5B8F1EAA576F00D10A06 /* Frameworks */,
				C1DC5B901EAA576F00D10A06 /* Resources */,
				7D4D23AD3DA3C86B061C7260 /* [CP] Embed Pods Frameworks */,
				D8067DBDB3AAC3B95D9869DF /* [CP] Copy Pods Resources */,
			);
			buildRules = (
			);
			dependencies = (
				C1DC5B941EAA576F00D10A06 /* PBXTargetDependency */,
			);
			name = PicryptionTests;
			productName = PicryptionTests;
			productReference = C1DC5B921EAA576F00D10A06 /* PicryptionTests.xctest */;
			productType = "com.apple.product-type.bundle.unit-test";
		};
		C1DC5B9C1EAA576F00D10A06 /* PicryptionUITests */ = {
			isa = PBXNativeTarget;
			buildConfigurationList = C1DC5BAC1EAA576F00D10A06 /* Build configuration list for PBXNativeTarget "PicryptionUITests" */;
			buildPhases = (
				367DCC21689A86A6E67085B3 /* [CP] Check Pods Manifest.lock */,
				C1DC5B991EAA576F00D10A06 /* Sources */,
				C1DC5B9A1EAA576F00D10A06 /* Frameworks */,
				C1DC5B9B1EAA576F00D10A06 /* Resources */,
				72B82C5649F6F3EBB371B3BD /* [CP] Embed Pods Frameworks */,
				1A64F16C79C81893140CCBBD /* [CP] Copy Pods Resources */,
			);
			buildRules = (
			);
			dependencies = (
				C1DC5B9F1EAA576F00D10A06 /* PBXTargetDependency */,
			);
			name = PicryptionUITests;
			productName = PicryptionUITests;
			productReference = C1DC5B9D1EAA576F00D10A06 /* PicryptionUITests.xctest */;
			productType = "com.apple.product-type.bundle.ui-testing";
		};
/* End PBXNativeTarget section */

/* Begin PBXProject section */
		C1DC5B731EAA576F00D10A06 /* Project object */ = {
			isa = PBXProject;
			attributes = {
				LastSwiftUpdateCheck = 0830;
				LastUpgradeCheck = 0830;
				ORGANIZATIONNAME = "Modesitt Systems";
				TargetAttributes = {
					C1DC5B7A1EAA576F00D10A06 = {
						CreatedOnToolsVersion = 8.3.2;
						DevelopmentTeam = AWTQ86CKW7;
						ProvisioningStyle = Automatic;
					};
					C1DC5B911EAA576F00D10A06 = {
						CreatedOnToolsVersion = 8.3.2;
						DevelopmentTeam = AWTQ86CKW7;
						ProvisioningStyle = Automatic;
						TestTargetID = C1DC5B7A1EAA576F00D10A06;
					};
					C1DC5B9C1EAA576F00D10A06 = {
						CreatedOnToolsVersion = 8.3.2;
						DevelopmentTeam = AWTQ86CKW7;
						ProvisioningStyle = Automatic;
						TestTargetID = C1DC5B7A1EAA576F00D10A06;
					};
				};
			};
			buildConfigurationList = C1DC5B761EAA576F00D10A06 /* Build configuration list for PBXProject "Picryption" */;
			compatibilityVersion = "Xcode 3.2";
			developmentRegion = English;
			hasScannedForEncodings = 0;
			knownRegions = (
				en,
				Base,
			);
			mainGroup = C1DC5B721EAA576F00D10A06;
			productRefGroup = C1DC5B7C1EAA576F00D10A06 /* Products */;
			projectDirPath = "";
			projectRoot = "";
			targets = (
				C1DC5B7A1EAA576F00D10A06 /* Picryption */,
				C1DC5B911EAA576F00D10A06 /* PicryptionTests */,
				C1DC5B9C1EAA576F00D10A06 /* PicryptionUITests */,
			);
		};
/* End PBXProject section */

/* Begin PBXResourcesBuildPhase section */
		C1DC5B791EAA576F00D10A06 /* Resources */ = {
			isa = PBXResourcesBuildPhase;
			buildActionMask = 2147483647;
			files = (
				C1DC5B8C1EAA576F00D10A06 /* LaunchScreen.storyboard in Resources */,
				C1DC5B891EAA576F00D10A06 /* Assets.xcassets in Resources */,
				C1DC5B841EAA576F00D10A06 /* Main.storyboard in Resources */,
			);
			runOnlyForDeploymentPostprocessing = 0;
		};
		C1DC5B901EAA576F00D10A06 /* Resources */ = {
			isa = PBXResourcesBuildPhase;
			buildActionMask = 2147483647;
			files = (
			);
			runOnlyForDeploymentPostprocessing = 0;
		};
		C1DC5B9B1EAA576F00D10A06 /* Resources */ = {
			isa = PBXResourcesBuildPhase;
			buildActionMask = 2147483647;
			files = (
			);
			runOnlyForDeploymentPostprocessing = 0;
		};
/* End PBXResourcesBuildPhase section */

/* Begin PBXShellScriptBuildPhase section */
		059B0976DC801345F137C5A5 /* [CP] Copy Pods Resources */ = {
			isa = PBXShellScriptBuildPhase;
			buildActionMask = 2147483647;
			files = (
			);
			inputPaths = (
			);
			name = "[CP] Copy Pods Resources";
			outputPaths = (
			);
			runOnlyForDeploymentPostprocessing = 0;
			shellPath = /bin/sh;
			shellScript = "\"${SRCROOT}/Pods/Target Support Files/Pods-Picryption/Pods-Picryption-resources.sh\"\n";
			showEnvVarsInLog = 0;
		};
		066C3744F5B3EE380C9A75A3 /* [CP] Check Pods Manifest.lock */ = {
			isa = PBXShellScriptBuildPhase;
			buildActionMask = 2147483647;
			files = (
			);
			inputPaths = (
			);
			name = "[CP] Check Pods Manifest.lock";
			outputPaths = (
			);
			runOnlyForDeploymentPostprocessing = 0;
			shellPath = /bin/sh;
			shellScript = "diff \"${PODS_ROOT}/../Podfile.lock\" \"${PODS_ROOT}/Manifest.lock\" > /dev/null\nif [ $? != 0 ] ; then\n    # print error to STDERR\n    echo \"error: The sandbox is not in sync with the Podfile.lock. Run 'pod install' or update your CocoaPods installation.\" >&2\n    exit 1\nfi\n";
			showEnvVarsInLog = 0;
		};
		1A64F16C79C81893140CCBBD /* [CP] Copy Pods Resources */ = {
			isa = PBXShellScriptBuildPhase;
			buildActionMask = 2147483647;
			files = (
			);
			inputPaths = (
			);
			name = "[CP] Copy Pods Resources";
			outputPaths = (
			);
			runOnlyForDeploymentPostprocessing = 0;
			shellPath = /bin/sh;
			shellScript = "\"${SRCROOT}/Pods/Target Support Files/Pods-PicryptionUITests/Pods-PicryptionUITests-resources.sh\"\n";
			showEnvVarsInLog = 0;
		};
		367DCC21689A86A6E67085B3 /* [CP] Check Pods Manifest.lock */ = {
			isa = PBXShellScriptBuildPhase;
			buildActionMask = 2147483647;
			files = (
			);
			inputPaths = (
			);
			name = "[CP] Check Pods Manifest.lock";
			outputPaths = (
			);
			runOnlyForDeploymentPostprocessing = 0;
			shellPath = /bin/sh;
			shellScript = "diff \"${PODS_ROOT}/../Podfile.lock\" \"${PODS_ROOT}/Manifest.lock\" > /dev/null\nif [ $? != 0 ] ; then\n    # print error to STDERR\n    echo \"error: The sandbox is not in sync with the Podfile.lock. Run 'pod install' or update your CocoaPods installation.\" >&2\n    exit 1\nfi\n";
			showEnvVarsInLog = 0;
		};
		72B82C5649F6F3EBB371B3BD /* [CP] Embed Pods Frameworks */ = {
			isa = PBXShellScriptBuildPhase;
			buildActionMask = 2147483647;
			files = (
			);
			inputPaths = (
			);
			name = "[CP] Embed Pods Frameworks";
			outputPaths = (
			);
			runOnlyForDeploymentPostprocessing = 0;
			shellPath = /bin/sh;
			shellScript = "\"${SRCROOT}/Pods/Target Support Files/Pods-PicryptionUITests/Pods-PicryptionUITests-frameworks.sh\"\n";
			showEnvVarsInLog = 0;
		};
		7D4D23AD3DA3C86B061C7260 /* [CP] Embed Pods Frameworks */ = {
			isa = PBXShellScriptBuildPhase;
			buildActionMask = 2147483647;
			files = (
			);
			inputPaths = (
			);
			name = "[CP] Embed Pods Frameworks";
			outputPaths = (
			);
			runOnlyForDeploymentPostprocessing = 0;
			shellPath = /bin/sh;
			shellScript = "\"${SRCROOT}/Pods/Target Support Files/Pods-PicryptionTests/Pods-PicryptionTests-frameworks.sh\"\n";
			showEnvVarsInLog = 0;
		};
		C1569E41D4C97A1FB617E04B /* [CP] Embed Pods Frameworks */ = {
			isa = PBXShellScriptBuildPhase;
			buildActionMask = 2147483647;
			files = (
			);
			inputPaths = (
			);
			name = "[CP] Embed Pods Frameworks";
			outputPaths = (
			);
			runOnlyForDeploymentPostprocessing = 0;
			shellPath = /bin/sh;
			shellScript = "\"${SRCROOT}/Pods/Target Support Files/Pods-Picryption/Pods-Picryption-frameworks.sh\"\n";
			showEnvVarsInLog = 0;
		};
		C8B843F1DDCBECC6403E655A /* [CP] Check Pods Manifest.lock */ = {
			isa = PBXShellScriptBuildPhase;
			buildActionMask = 2147483647;
			files = (
			);
			inputPaths = (
			);
			name = "[CP] Check Pods Manifest.lock";
			outputPaths = (
			);
			runOnlyForDeploymentPostprocessing = 0;
			shellPath = /bin/sh;
			shellScript = "diff \"${PODS_ROOT}/../Podfile.lock\" \"${PODS_ROOT}/Manifest.lock\" > /dev/null\nif [ $? != 0 ] ; then\n    # print error to STDERR\n    echo \"error: The sandbox is not in sync with the Podfile.lock. Run 'pod install' or update your CocoaPods installation.\" >&2\n    exit 1\nfi\n";
			showEnvVarsInLog = 0;
		};
		D8067DBDB3AAC3B95D9869DF /* [CP] Copy Pods Resources */ = {
			isa = PBXShellScriptBuildPhase;
			buildActionMask = 2147483647;
			files = (
			);
			inputPaths = (
			);
			name = "[CP] Copy Pods Resources";
			outputPaths = (
			);
			runOnlyForDeploymentPostprocessing = 0;
			shellPath = /bin/sh;
			shellScript = "\"${SRCROOT}/Pods/Target Support Files/Pods-PicryptionTests/Pods-PicryptionTests-resources.sh\"\n";
			showEnvVarsInLog = 0;
		};
/* End PBXShellScriptBuildPhase section */

/* Begin PBXSourcesBuildPhase section */
		C1DC5B771EAA576F00D10A06 /* Sources */ = {
			isa = PBXSourcesBuildPhase;
			buildActionMask = 2147483647;
			files = (
				C1DC5BB51EAA589D00D10A06 /* Extensions.swift in Sources */,
				C1DC5B811EAA576F00D10A06 /* ViewController.swift in Sources */,
				C1DC5BB01EAA578000D10A06 /* Image.swift in Sources */,
				C1DC5BB81EAA597000D10A06 /* Protocols.swift in Sources */,
				C1DC5B7F1EAA576F00D10A06 /* AppDelegate.swift in Sources */,
				C1DC5B871EAA576F00D10A06 /* Picryption.xcdatamodeld in Sources */,
				C1DC5BBA1EAA59B400D10A06 /* Errors.swift in Sources */,
				C1DC5BBC1EAA5B9800D10A06 /* Constants.swift in Sources */,
			);
			runOnlyForDeploymentPostprocessing = 0;
		};
		C1DC5B8E1EAA576F00D10A06 /* Sources */ = {
			isa = PBXSourcesBuildPhase;
			buildActionMask = 2147483647;
			files = (
				C1DC5B971EAA576F00D10A06 /* PicryptionTests.swift in Sources */,
			);
			runOnlyForDeploymentPostprocessing = 0;
		};
		C1DC5B991EAA576F00D10A06 /* Sources */ = {
			isa = PBXSourcesBuildPhase;
			buildActionMask = 2147483647;
			files = (
				C1DC5BA21EAA576F00D10A06 /* PicryptionUITests.swift in Sources */,
			);
			runOnlyForDeploymentPostprocessing = 0;
		};
/* End PBXSourcesBuildPhase section */

/* Begin PBXTargetDependency section */
		C1DC5B941EAA576F00D10A06 /* PBXTargetDependency */ = {
			isa = PBXTargetDependency;
			target = C1DC5B7A1EAA576F00D10A06 /* Picryption */;
			targetProxy = C1DC5B931EAA576F00D10A06 /* PBXContainerItemProxy */;
		};
		C1DC5B9F1EAA576F00D10A06 /* PBXTargetDependency */ = {
			isa = PBXTargetDependency;
			target = C1DC5B7A1EAA576F00D10A06 /* Picryption */;
			targetProxy = C1DC5B9E1EAA576F00D10A06 /* PBXContainerItemProxy */;
		};
/* End PBXTargetDependency section */

/* Begin PBXVariantGroup section */
		C1DC5B821EAA576F00D10A06 /* Main.storyboard */ = {
			isa = PBXVariantGroup;
			children = (
				C1DC5B831EAA576F00D10A06 /* Base */,
			);
			name = Main.storyboard;
			sourceTree = "<group>";
		};
		C1DC5B8A1EAA576F00D10A06 /* LaunchScreen.storyboard */ = {
			isa = PBXVariantGroup;
			children = (
				C1DC5B8B1EAA576F00D10A06 /* Base */,
			);
			name = LaunchScreen.storyboard;
			sourceTree = "<group>";
		};
/* End PBXVariantGroup section */

/* Begin XCBuildConfiguration section */
		C1DC5BA41EAA576F00D10A06 /* Debug */ = {
			isa = XCBuildConfiguration;
			buildSettings = {
				ALWAYS_SEARCH_USER_PATHS = NO;
				CLANG_ANALYZER_NONNULL = YES;
				CLANG_ANALYZER_NUMBER_OBJECT_CONVERSION = YES_AGGRESSIVE;
				CLANG_CXX_LANGUAGE_STANDARD = "gnu++0x";
				CLANG_CXX_LIBRARY = "libc++";
				CLANG_ENABLE_MODULES = YES;
				CLANG_ENABLE_OBJC_ARC = YES;
				CLANG_WARN_BOOL_CONVERSION = YES;
				CLANG_WARN_CONSTANT_CONVERSION = YES;
				CLANG_WARN_DIRECT_OBJC_ISA_USAGE = YES_ERROR;
				CLANG_WARN_DOCUMENTATION_COMMENTS = YES;
				CLANG_WARN_EMPTY_BODY = YES;
				CLANG_WARN_ENUM_CONVERSION = YES;
				CLANG_WARN_INFINITE_RECURSION = YES;
				CLANG_WARN_INT_CONVERSION = YES;
				CLANG_WARN_OBJC_ROOT_CLASS = YES_ERROR;
				CLANG_WARN_SUSPICIOUS_MOVE = YES;
				CLANG_WARN_UNREACHABLE_CODE = YES;
				CLANG_WARN__DUPLICATE_METHOD_MATCH = YES;
				"CODE_SIGN_IDENTITY[sdk=iphoneos*]" = "iPhone Developer";
				COPY_PHASE_STRIP = NO;
				DEBUG_INFORMATION_FORMAT = dwarf;
				ENABLE_STRICT_OBJC_MSGSEND = YES;
				ENABLE_TESTABILITY = YES;
				GCC_C_LANGUAGE_STANDARD = gnu99;
				GCC_DYNAMIC_NO_PIC = NO;
				GCC_NO_COMMON_BLOCKS = YES;
				GCC_OPTIMIZATION_LEVEL = 0;
				GCC_PREPROCESSOR_DEFINITIONS = (
					"DEBUG=1",
					"$(inherited)",
				);
				GCC_WARN_64_TO_32_BIT_CONVERSION = YES;
				GCC_WARN_ABOUT_RETURN_TYPE = YES_ERROR;
				GCC_WARN_UNDECLARED_SELECTOR = YES;
				GCC_WARN_UNINITIALIZED_AUTOS = YES_AGGRESSIVE;
				GCC_WARN_UNUSED_FUNCTION = YES;
				GCC_WARN_UNUSED_VARIABLE = YES;
				IPHONEOS_DEPLOYMENT_TARGET = 10.3;
				MTL_ENABLE_DEBUG_INFO = YES;
				ONLY_ACTIVE_ARCH = YES;
				SDKROOT = iphoneos;
				SWIFT_ACTIVE_COMPILATION_CONDITIONS = DEBUG;
				SWIFT_OPTIMIZATION_LEVEL = "-Onone";
				TARGETED_DEVICE_FAMILY = "1,2";
			};
			name = Debug;
		};
		C1DC5BA51EAA576F00D10A06 /* Release */ = {
			isa = XCBuildConfiguration;
			buildSettings = {
				ALWAYS_SEARCH_USER_PATHS = NO;
				CLANG_ANALYZER_NONNULL = YES;
				CLANG_ANALYZER_NUMBER_OBJECT_CONVERSION = YES_AGGRESSIVE;
				CLANG_CXX_LANGUAGE_STANDARD = "gnu++0x";
				CLANG_CXX_LIBRARY = "libc++";
				CLANG_ENABLE_MODULES = YES;
				CLANG_ENABLE_OBJC_ARC = YES;
				CLANG_WARN_BOOL_CONVERSION = YES;
				CLANG_WARN_CONSTANT_CONVERSION = YES;
				CLANG_WARN_DIRECT_OBJC_ISA_USAGE = YES_ERROR;
				CLANG_WARN_DOCUMENTATION_COMMENTS = YES;
				CLANG_WARN_EMPTY_BODY = YES;
				CLANG_WARN_ENUM_CONVERSION = YES;
				CLANG_WARN_INFINITE_RECURSION = YES;
				CLANG_WARN_INT_CONVERSION = YES;
				CLANG_WARN_OBJC_ROOT_CLASS = YES_ERROR;
				CLANG_WARN_SUSPICIOUS_MOVE = YES;
				CLANG_WARN_UNREACHABLE_CODE = YES;
				CLANG_WARN__DUPLICATE_METHOD_MATCH = YES;
				"CODE_SIGN_IDENTITY[sdk=iphoneos*]" = "iPhone Developer";
				COPY_PHASE_STRIP = NO;
				DEBUG_INFORMATION_FORMAT = "dwarf-with-dsym";
				ENABLE_NS_ASSERTIONS = NO;
				ENABLE_STRICT_OBJC_MSGSEND = YES;
				GCC_C_LANGUAGE_STANDARD = gnu99;
				GCC_NO_COMMON_BLOCKS = YES;
				GCC_WARN_64_TO_32_BIT_CONVERSION = YES;
				GCC_WARN_ABOUT_RETURN_TYPE = YES_ERROR;
				GCC_WARN_UNDECLARED_SELECTOR = YES;
				GCC_WARN_UNINITIALIZED_AUTOS = YES_AGGRESSIVE;
				GCC_WARN_UNUSED_FUNCTION = YES;
				GCC_WARN_UNUSED_VARIABLE = YES;
				IPHONEOS_DEPLOYMENT_TARGET = 10.3;
				MTL_ENABLE_DEBUG_INFO = NO;
				SDKROOT = iphoneos;
				SWIFT_OPTIMIZATION_LEVEL = "-Owholemodule";
				TARGETED_DEVICE_FAMILY = "1,2";
				VALIDATE_PRODUCT = YES;
			};
			name = Release;
		};
		C1DC5BA71EAA576F00D10A06 /* Debug */ = {
			isa = XCBuildConfiguration;
			baseConfigurationReference = 39E1A6B323F94A14B51FF369 /* Pods-Picryption.debug.xcconfig */;
			buildSettings = {
				ASSETCATALOG_COMPILER_APPICON_NAME = AppIcon;
				DEVELOPMENT_TEAM = AWTQ86CKW7;
				INFOPLIST_FILE = Picryption/Info.plist;
				LD_RUNPATH_SEARCH_PATHS = "$(inherited) @executable_path/Frameworks";
				PRODUCT_BUNDLE_IDENTIFIER = com.dylanmodesitt.Picryption;
				PRODUCT_NAME = "$(TARGET_NAME)";
				SWIFT_VERSION = 3.0;
			};
			name = Debug;
		};
		C1DC5BA81EAA576F00D10A06 /* Release */ = {
			isa = XCBuildConfiguration;
			baseConfigurationReference = 6D09C701995661E9509A523A /* Pods-Picryption.release.xcconfig */;
			buildSettings = {
				ASSETCATALOG_COMPILER_APPICON_NAME = AppIcon;
				DEVELOPMENT_TEAM = AWTQ86CKW7;
				INFOPLIST_FILE = Picryption/Info.plist;
				LD_RUNPATH_SEARCH_PATHS = "$(inherited) @executable_path/Frameworks";
				PRODUCT_BUNDLE_IDENTIFIER = com.dylanmodesitt.Picryption;
				PRODUCT_NAME = "$(TARGET_NAME)";
				SWIFT_VERSION = 3.0;
			};
			name = Release;
		};
		C1DC5BAA1EAA576F00D10A06 /* Debug */ = {
			isa = XCBuildConfiguration;
			baseConfigurationReference = AA55D25EADEA21AF2986E63C /* Pods-PicryptionTests.debug.xcconfig */;
			buildSettings = {
				ALWAYS_EMBED_SWIFT_STANDARD_LIBRARIES = YES;
				BUNDLE_LOADER = "$(TEST_HOST)";
				DEVELOPMENT_TEAM = AWTQ86CKW7;
				INFOPLIST_FILE = PicryptionTests/Info.plist;
				LD_RUNPATH_SEARCH_PATHS = "$(inherited) @executable_path/Frameworks @loader_path/Frameworks";
				PRODUCT_BUNDLE_IDENTIFIER = com.dylanmodesitt.PicryptionTests;
				PRODUCT_NAME = "$(TARGET_NAME)";
				SWIFT_VERSION = 3.0;
				TEST_HOST = "$(BUILT_PRODUCTS_DIR)/Picryption.app/Picryption";
			};
			name = Debug;
		};
		C1DC5BAB1EAA576F00D10A06 /* Release */ = {
			isa = XCBuildConfiguration;
			baseConfigurationReference = 3255594D988F7B5CD106B77D /* Pods-PicryptionTests.release.xcconfig */;
			buildSettings = {
				ALWAYS_EMBED_SWIFT_STANDARD_LIBRARIES = YES;
				BUNDLE_LOADER = "$(TEST_HOST)";
				DEVELOPMENT_TEAM = AWTQ86CKW7;
				INFOPLIST_FILE = PicryptionTests/Info.plist;
				LD_RUNPATH_SEARCH_PATHS = "$(inherited) @executable_path/Frameworks @loader_path/Frameworks";
				PRODUCT_BUNDLE_IDENTIFIER = com.dylanmodesitt.PicryptionTests;
				PRODUCT_NAME = "$(TARGET_NAME)";
				SWIFT_VERSION = 3.0;
				TEST_HOST = "$(BUILT_PRODUCTS_DIR)/Picryption.app/Picryption";
			};
			name = Release;
		};
		C1DC5BAD1EAA576F00D10A06 /* Debug */ = {
			isa = XCBuildConfiguration;
			baseConfigurationReference = B60AC1454B7410E26A485374 /* Pods-PicryptionUITests.debug.xcconfig */;
			buildSettings = {
				ALWAYS_EMBED_SWIFT_STANDARD_LIBRARIES = YES;
				DEVELOPMENT_TEAM = AWTQ86CKW7;
				INFOPLIST_FILE = PicryptionUITests/Info.plist;
				LD_RUNPATH_SEARCH_PATHS = "$(inherited) @executable_path/Frameworks @loader_path/Frameworks";
				PRODUCT_BUNDLE_IDENTIFIER = com.dylanmodesitt.PicryptionUITests;
				PRODUCT_NAME = "$(TARGET_NAME)";
				SWIFT_VERSION = 3.0;
				TEST_TARGET_NAME = Picryption;
			};
			name = Debug;
		};
		C1DC5BAE1EAA576F00D10A06 /* Release */ = {
			isa = XCBuildConfiguration;
			baseConfigurationReference = 6484EB4F419B521759468CAD /* Pods-PicryptionUITests.release.xcconfig */;
			buildSettings = {
				ALWAYS_EMBED_SWIFT_STANDARD_LIBRARIES = YES;
				DEVELOPMENT_TEAM = AWTQ86CKW7;
				INFOPLIST_FILE = PicryptionUITests/Info.plist;
				LD_RUNPATH_SEARCH_PATHS = "$(inherited) @executable_path/Frameworks @loader_path/Frameworks";
				PRODUCT_BUNDLE_IDENTIFIER = com.dylanmodesitt.PicryptionUITests;
				PRODUCT_NAME = "$(TARGET_NAME)";
				SWIFT_VERSION = 3.0;
				TEST_TARGET_NAME = Picryption;
			};
			name = Release;
		};
/* End XCBuildConfiguration section */

/* Begin XCConfigurationList section */
		C1DC5B761EAA576F00D10A06 /* Build configuration list for PBXProject "Picryption" */ = {
			isa = XCConfigurationList;
			buildConfigurations = (
				C1DC5BA41EAA576F00D10A06 /* Debug */,
				C1DC5BA51EAA576F00D10A06 /* Release */,
			);
			defaultConfigurationIsVisible = 0;
			defaultConfigurationName = Release;
		};
		C1DC5BA61EAA576F00D10A06 /* Build configuration list for PBXNativeTarget "Picryption" */ = {
			isa = XCConfigurationList;
			buildConfigurations = (
				C1DC5BA71EAA576F00D10A06 /* Debug */,
				C1DC5BA81EAA576F00D10A06 /* Release */,
			);
			defaultConfigurationIsVisible = 0;
		};
		C1DC5BA91EAA576F00D10A06 /* Build configuration list for PBXNativeTarget "PicryptionTests" */ = {
			isa = XCConfigurationList;
			buildConfigurations = (
				C1DC5BAA1EAA576F00D10A06 /* Debug */,
				C1DC5BAB1EAA576F00D10A06 /* Release */,
			);
			defaultConfigurationIsVisible = 0;
		};
		C1DC5BAC1EAA576F00D10A06 /* Build configuration list for PBXNativeTarget "PicryptionUITests" */ = {
			isa = XCConfigurationList;
			buildConfigurations = (
				C1DC5BAD1EAA576F00D10A06 /* Debug */,
				C1DC5BAE1EAA576F00D10A06 /* Release */,
			);
			defaultConfigurationIsVisible = 0;
		};
/* End XCConfigurationList section */

/* Begin XCVersionGroup section */
		C1DC5B851EAA576F00D10A06 /* Picryption.xcdatamodeld */ = {
			isa = XCVersionGroup;
			children = (
				C1DC5B861EAA576F00D10A06 /* Picryption.xcdatamodel */,
			);
			currentVersion = C1DC5B861EAA576F00D10A06 /* Picryption.xcdatamodel */;
			path = Picryption.xcdatamodeld;
			sourceTree = "<group>";
			versionGroupType = wrapper.xcdatamodel;
		};
/* End XCVersionGroup section */
	};
	rootObject = C1DC5B731EAA576F00D10A06 /* Project object */;
}
